
Microsoft Visual Studio Solution File, Format Version 12.00
# Visual Studio Version 17
VisualStudioVersion = 17.6.33723.286
MinimumVisualStudioVersion = 10.0.40219.1
Project("{FAE04EC0-301F-11D3-BF4B-00C04F79EFBC}") = "Patterns.Api", "Patterns.Api\Patterns.Api.csproj", "{8F88899C-53EC-4000-833B-7C40880A48FB}"
EndProject
Global
	GlobalSection(SolutionConfigurationPlatforms) = preSolution
		Debug|Any CPU = Debug|Any CPU
		Release|Any CPU = Release|Any CPU
	EndGlobalSection
	GlobalSection(ProjectConfigurationPlatforms) = postSolution
		{8F88899C-53EC-4000-833B-7C40880A48FB}.Debug|Any CPU.ActiveCfg = Debug|Any CPU
		{8F88899C-53EC-4000-833B-7C40880A48FB}.Debug|Any CPU.Build.0 = Debug|Any CPU
		{8F88899C-53EC-4000-833B-7C40880A48FB}.Release|Any CPU.ActiveCfg = Release|Any CPU
		{8F88899C-53EC-4000-833B-7C40880A48FB}.Release|Any CPU.Build.0 = Release|Any CPU
	EndGlobalSection
	GlobalSection(SolutionProperties) = preSolution
		HideSolutionNode = FALSE
	EndGlobalSection
	GlobalSection(ExtensibilityGlobals) = postSolution
		SolutionGuid = {38E2B200-4323-4F62-AB45-DA0250163493}
	EndGlobalSection
EndGlobal
