
Microsoft Visual Studio Solution File, Format Version 12.00
# Visual Studio Version 17
VisualStudioVersion = 17.6.33723.286
MinimumVisualStudioVersion = 10.0.40219.1
Project("{FAE04EC0-301F-11D3-BF4B-00C04F79EFBC}") = "Fundamentals", "Fundamentals\Fundamentals.csproj", "{420AD57F-2E2F-4042-B7FA-8CFC0A661784}"
EndProject
Global
	GlobalSection(SolutionConfigurationPlatforms) = preSolution
		Debug|Any CPU = Debug|Any CPU
		Release|Any CPU = Release|Any CPU
	EndGlobalSection
	GlobalSection(ProjectConfigurationPlatforms) = postSolution
		{420AD57F-2E2F-4042-B7FA-8CFC0A661784}.Debug|Any CPU.ActiveCfg = Debug|Any CPU
		{420AD57F-2E2F-4042-B7FA-8CFC0A661784}.Debug|Any CPU.Build.0 = Debug|Any CPU
		{420AD57F-2E2F-4042-B7FA-8CFC0A661784}.Release|Any CPU.ActiveCfg = Release|Any CPU
		{420AD57F-2E2F-4042-B7FA-8CFC0A661784}.Release|Any CPU.Build.0 = Release|Any CPU
	EndGlobalSection
	GlobalSection(SolutionProperties) = preSolution
		HideSolutionNode = FALSE
	EndGlobalSection
	GlobalSection(ExtensibilityGlobals) = postSolution
		SolutionGuid = {DFF29135-AFE9-4BFF-B9AB-5FB631691C3F}
	EndGlobalSection
EndGlobal
