
Microsoft Visual Studio Solution File, Format Version 12.00
# Visual Studio Version 17
VisualStudioVersion = 17.6.33723.286
MinimumVisualStudioVersion = 10.0.40219.1
Project("{FAE04EC0-301F-11D3-BF4B-00C04F79EFBC}") = "Prestamos.Api", "Prestamos.Api\Prestamos.Api.csproj", "{0927990D-00D0-49E3-A99A-C300FD255216}"
EndProject
Project("{00D1A9C2-B5F0-4AF3-8072-F6C62B433612}") = "Prestamos.Db", "Prestamos.Db\Prestamos.Db.sqlproj", "{E29F7E36-E031-45BF-8412-9E3F9F1423CF}"
EndProject
Global
	GlobalSection(SolutionConfigurationPlatforms) = preSolution
		Debug|Any CPU = Debug|Any CPU
		Release|Any CPU = Release|Any CPU
	EndGlobalSection
	GlobalSection(ProjectConfigurationPlatforms) = postSolution
		{0927990D-00D0-49E3-A99A-C300FD255216}.Debug|Any CPU.ActiveCfg = Debug|Any CPU
		{0927990D-00D0-49E3-A99A-C300FD255216}.Debug|Any CPU.Build.0 = Debug|Any CPU
		{0927990D-00D0-49E3-A99A-C300FD255216}.Release|Any CPU.ActiveCfg = Release|Any CPU
		{0927990D-00D0-49E3-A99A-C300FD255216}.Release|Any CPU.Build.0 = Release|Any CPU
		{E29F7E36-E031-45BF-8412-9E3F9F1423CF}.Debug|Any CPU.ActiveCfg = Debug|Any CPU
		{E29F7E36-E031-45BF-8412-9E3F9F1423CF}.Debug|Any CPU.Build.0 = Debug|Any CPU
		{E29F7E36-E031-45BF-8412-9E3F9F1423CF}.Debug|Any CPU.Deploy.0 = Debug|Any CPU
		{E29F7E36-E031-45BF-8412-9E3F9F1423CF}.Release|Any CPU.ActiveCfg = Release|Any CPU
		{E29F7E36-E031-45BF-8412-9E3F9F1423CF}.Release|Any CPU.Build.0 = Release|Any CPU
		{E29F7E36-E031-45BF-8412-9E3F9F1423CF}.Release|Any CPU.Deploy.0 = Release|Any CPU
	EndGlobalSection
	GlobalSection(SolutionProperties) = preSolution
		HideSolutionNode = FALSE
	EndGlobalSection
	GlobalSection(ExtensibilityGlobals) = postSolution
		SolutionGuid = {CE68205B-3E4B-4F79-81E1-0A748DD85BD8}
	EndGlobalSection
EndGlobal
